
Microsoft Visual Studio Solution File, Format Version 12.00
# Visual Studio 15
VisualStudioVersion = 15.0.26430.14
MinimumVisualStudioVersion = 10.0.40219.1
Project("{2150E333-8FDC-42A3-9474-1A3956D46DE8}") = "Solution Items", "Solution Items", "{13491127-6D32-47B8-9496-27807E816E75}"
	ProjectSection(SolutionItems) = preProject
		.gitattributes = .gitattributes
		.gitignore = .gitignore
		LICENSE.md = LICENSE.md
		Nake.csx = Nake.csx
		Nake.sln.DotSettings = Nake.sln.DotSettings
		README.md = README.md
	EndProjectSection
EndProject
Project("{9A19103F-16F7-4668-BE54-9A1E7A4F7556}") = "Nake", "Source\Nake\Nake.csproj", "{D11182DB-4EF0-495D-92CB-04AE90C488A3}"
EndProject
Project("{9A19103F-16F7-4668-BE54-9A1E7A4F7556}") = "Nake.Tests", "Source\Nake.Tests\Nake.Tests.csproj", "{58D07EC3-82DC-4872-8DE3-FEBCDAFF2FC8}"
EndProject
Global
	GlobalSection(SolutionConfigurationPlatforms) = preSolution
		Debug|Any CPU = Debug|Any CPU
		Release|Any CPU = Release|Any CPU
	EndGlobalSection
	GlobalSection(ProjectConfigurationPlatforms) = postSolution
		{D11182DB-4EF0-495D-92CB-04AE90C488A3}.Debug|Any CPU.ActiveCfg = Debug|Any CPU
		{D11182DB-4EF0-495D-92CB-04AE90C488A3}.Debug|Any CPU.Build.0 = Debug|Any CPU
		{D11182DB-4EF0-495D-92CB-04AE90C488A3}.Release|Any CPU.ActiveCfg = Release|Any CPU
		{D11182DB-4EF0-495D-92CB-04AE90C488A3}.Release|Any CPU.Build.0 = Release|Any CPU
		{58D07EC3-82DC-4872-8DE3-FEBCDAFF2FC8}.Debug|Any CPU.ActiveCfg = Debug|Any CPU
		{58D07EC3-82DC-4872-8DE3-FEBCDAFF2FC8}.Debug|Any CPU.Build.0 = Debug|Any CPU
		{58D07EC3-82DC-4872-8DE3-FEBCDAFF2FC8}.Release|Any CPU.ActiveCfg = Release|Any CPU
		{58D07EC3-82DC-4872-8DE3-FEBCDAFF2FC8}.Release|Any CPU.Build.0 = Release|Any CPU
	EndGlobalSection
	GlobalSection(SolutionProperties) = preSolution
		HideSolutionNode = FALSE
	EndGlobalSection
EndGlobal
