
Microsoft Visual Studio Solution File, Format Version 12.00
# Visual Studio 2012
Project("{911E67C6-3D85-4FCE-B560-20A9C3E3FF48}") = "Nake", "Nake.exe", "{EFE8C7D4-B8ED-4CA5-B8D6-A06730D1C145}"
	ProjectSection(DebuggerProjectSystem) = preProject
		PortSupplier = 00000000-0000-0000-0000-000000000000
		Executable = C:\Work\Nake\Tools\Nake\Nake.exe
		RemoteMachine = STEALTH
		StartingDirectory = C:\Work\Nake\
		Arguments = --debug package
		Environment = Default
		LaunchingEngine = 00000000-0000-0000-0000-000000000000
		LaunchSQLEngine = No
		AttachLaunchAction = No
	EndProjectSection
EndProject
Project("{2150E333-8FDC-42A3-9474-1A3956D46DE8}") = "Solution Items", "Solution Items", "{581E47A5-EBF4-4045-B9CE-E609F60926DE}"
	ProjectSection(SolutionItems) = preProject
		..\..\Nake.csx = ..\..\Nake.csx
	EndProjectSection
EndProject
Global
	GlobalSection(SolutionConfigurationPlatforms) = preSolution
		Debug|x86 = Debug|x86
	EndGlobalSection
	GlobalSection(ProjectConfigurationPlatforms) = postSolution
		{EFE8C7D4-B8ED-4CA5-B8D6-A06730D1C145}.Debug|x86.ActiveCfg = Debug|x86
	EndGlobalSection
	GlobalSection(SolutionProperties) = preSolution
		HideSolutionNode = FALSE
	EndGlobalSection
EndGlobal
